// !$*UTF8*$!
{
	archiveVersion = 1;
	classes = {
	};
	objectVersion = 50;
	objects = {

/* Begin PBXBuildFile section */
		18A339C921BFC423005C6A65 /* AppDelegate.swift in Sources */ = {isa = PBXBuildFile; fileRef = 18A339C821BFC423005C6A65 /* AppDelegate.swift */; };
		18A339CB21BFC423005C6A65 /* ViewController.swift in Sources */ = {isa = PBXBuildFile; fileRef = 18A339CA21BFC423005C6A65 /* ViewController.swift */; };
		18A339CE21BFC423005C6A65 /* Main.storyboard in Resources */ = {isa = PBXBuildFile; fileRef = 18A339CC21BFC423005C6A65 /* Main.storyboard */; };
		18A339D021BFC425005C6A65 /* Assets.xcassets in Resources */ = {isa = PBXBuildFile; fileRef = 18A339CF21BFC425005C6A65 /* Assets.xcassets */; };
		18A339D321BFC425005C6A65 /* LaunchScreen.storyboard in Resources */ = {isa = PBXBuildFile; fileRef = 18A339D121BFC425005C6A65 /* LaunchScreen.storyboard */; };
		18A339DE21BFC425005C6A65 /* TestRepoTests.swift in Sources */ = {isa = PBXBuildFile; fileRef = 18A339DD21BFC425005C6A65 /* TestRepoTests.swift */; };
		18A339E921BFC425005C6A65 /* TestRepoUITests.swift in Sources */ = {isa = PBXBuildFile; fileRef = 18A339E821BFC425005C6A65 /* TestRepoUITests.swift */; };
/* End PBXBuildFile section */

/* Begin PBXContainerItemProxy section */
		18A339DA21BFC425005C6A65 /* PBXContainerItemProxy */ = {
			isa = PBXContainerItemProxy;
			containerPortal = 18A339BD21BFC423005C6A65 /* Project object */;
			proxyType = 1;
			remoteGlobalIDString = 18A339C421BFC423005C6A65;
			remoteInfo = TestRepo;
		};
		18A339E521BFC425005C6A65 /* PBXContainerItemProxy */ = {
			isa = PBXContainerItemProxy;
			containerPortal = 18A339BD21BFC423005C6A65 /* Project object */;
			proxyType = 1;
			remoteGlobalIDString = 18A339C421BFC423005C6A65;
			remoteInfo = TestRepo;
		};
/* End PBXContainerItemProxy section */

/* Begin PBXFileReference section */
		18A339C521BFC423005C6A65 /* TestRepo.app */ = {isa = PBXFileReference; explicitFileType = wrapper.application; includeInIndex = 0; path = TestRepo.app; sourceTree = BUILT_PRODUCTS_DIR; };
		18A339C821BFC423005C6A65 /* AppDelegate.swift */ = {isa = PBXFileReference; lastKnownFileType = sourcecode.swift; path = AppDelegate.swift; sourceTree = "<group>"; };
		18A339CA21BFC423005C6A65 /* ViewController.swift */ = {isa = PBXFileReference; lastKnownFileType = sourcecode.swift; path = ViewController.swift; sourceTree = "<group>"; };
		18A339CD21BFC423005C6A65 /* Base */ = {isa = PBXFileReference; lastKnownFileType = file.storyboard; name = Base; path = Base.lproj/Main.storyboard; sourceTree = "<group>"; };
		18A339CF21BFC425005C6A65 /* Assets.xcassets */ = {isa = PBXFileReference; lastKnownFileType = folder.assetcatalog; path = Assets.xcassets; sourceTree = "<group>"; };
		18A339D221BFC425005C6A65 /* Base */ = {isa = PBXFileReference; lastKnownFileType = file.storyboard; name = Base; path = Base.lproj/LaunchScreen.storyboard; sourceTree = "<group>"; };
		18A339D421BFC425005C6A65 /* Info.plist */ = {isa = PBXFileReference; lastKnownFileType = text.plist.xml; path = Info.plist; sourceTree = "<group>"; };
		18A339D921BFC425005C6A65 /* TestRepoTests.xctest */ = {isa = PBXFileReference; explicitFileType = wrapper.cfbundle; includeInIndex = 0; path = TestRepoTests.xctest; sourceTree = BUILT_PRODUCTS_DIR; };
		18A339DD21BFC425005C6A65 /* TestRepoTests.swift */ = {isa = PBXFileReference; lastKnownFileType = sourcecode.swift; path = TestRepoTests.swift; sourceTree = "<group>"; };
		18A339DF21BFC425005C6A65 /* Info.plist */ = {isa = PBXFileReference; lastKnownFileType = text.plist.xml; path = Info.plist; sourceTree = "<group>"; };
		18A339E421BFC425005C6A65 /* TestRepoUITests.xctest */ = {isa = PBXFileReference; explicitFileType = wrapper.cfbundle; includeInIndex = 0; path = TestRepoUITests.xctest; sourceTree = BUILT_PRODUCTS_DIR; };
		18A339E821BFC425005C6A65 /* TestRepoUITests.swift */ = {isa = PBXFileReference; lastKnownFileType = sourcecode.swift; path = TestRepoUITests.swift; sourceTree = "<group>"; };
		18A339EA21BFC425005C6A65 /* Info.plist */ = {isa = PBXFileReference; lastKnownFileType = text.plist.xml; path = Info.plist; sourceTree = "<group>"; };
/* End PBXFileReference section */

/* Begin PBXFrameworksBuildPhase section */
		18A339C221BFC423005C6A65 /* Frameworks */ = {
			isa = PBXFrameworksBuildPhase;
			buildActionMask = 2147483647;
			files = (
			);
			runOnlyForDeploymentPostprocessing = 0;
		};
		18A339D621BFC425005C6A65 /* Frameworks */ = {
			isa = PBXFrameworksBuildPhase;
			buildActionMask = 2147483647;
			files = (
			);
			runOnlyForDeploymentPostprocessing = 0;
		};
		18A339E121BFC425005C6A65 /* Frameworks */ = {
			isa = PBXFrameworksBuildPhase;
			buildActionMask = 2147483647;
			files = (
			);
			runOnlyForDeploymentPostprocessing = 0;
		};
/* End PBXFrameworksBuildPhase section */

/* Begin PBXGroup section */
		18A339BC21BFC423005C6A65 = {
			isa = PBXGroup;
			children = (
				18A339C721BFC423005C6A65 /* TestRepo */,
				18A339DC21BFC425005C6A65 /* TestRepoTests */,
				18A339E721BFC425005C6A65 /* TestRepoUITests */,
				18A339C621BFC423005C6A65 /* Products */,
			);
			sourceTree = "<group>";
		};
		18A339C621BFC423005C6A65 /* Products */ = {
			isa = PBXGroup;
			children = (
				18A339C521BFC423005C6A65 /* TestRepo.app */,
				18A339D921BFC425005C6A65 /* TestRepoTests.xctest */,
				18A339E421BFC425005C6A65 /* TestRepoUITests.xctest */,
			);
			name = Products;
			sourceTree = "<group>";
		};
		18A339C721BFC423005C6A65 /* TestRepo */ = {
			isa = PBXGroup;
			children = (
				18A339C821BFC423005C6A65 /* AppDelegate.swift */,
				18A339CA21BFC423005C6A65 /* ViewController.swift */,
				18A339CC21BFC423005C6A65 /* Main.storyboard */,
				18A339CF21BFC425005C6A65 /* Assets.xcassets */,
				18A339D121BFC425005C6A65 /* LaunchScreen.storyboard */,
				18A339D421BFC425005C6A65 /* Info.plist */,
			);
			path = TestRepo;
			sourceTree = "<group>";
		};
		18A339DC21BFC425005C6A65 /* TestRepoTests */ = {
			isa = PBXGroup;
			children = (
				18A339DD21BFC425005C6A65 /* TestRepoTests.swift */,
				18A339DF21BFC425005C6A65 /* Info.plist */,
			);
			path = TestRepoTests;
			sourceTree = "<group>";
		};
		18A339E721BFC425005C6A65 /* TestRepoUITests */ = {
			isa = PBXGroup;
			children = (
				18A339E821BFC425005C6A65 /* TestRepoUITests.swift */,
				18A339EA21BFC425005C6A65 /* Info.plist */,
			);
			path = TestRepoUITests;
			sourceTree = "<group>";
		};
/* End PBXGroup section */

/* Begin PBXNativeTarget section */
		18A339C421BFC423005C6A65 /* TestRepo */ = {
			isa = PBXNativeTarget;
			buildConfigurationList = 18A339ED21BFC425005C6A65 /* Build configuration list for PBXNativeTarget "TestRepo" */;
			buildPhases = (
				18A339C121BFC423005C6A65 /* Sources */,
				18A339C221BFC423005C6A65 /* Frameworks */,
				18A339C321BFC423005C6A65 /* Resources */,
			);
			buildRules = (
			);
			dependencies = (
			);
			name = TestRepo;
			productName = TestRepo;
			productReference = 18A339C521BFC423005C6A65 /* TestRepo.app */;
			productType = "com.apple.product-type.application";
		};
		18A339D821BFC425005C6A65 /* TestRepoTests */ = {
			isa = PBXNativeTarget;
			buildConfigurationList = 18A339F021BFC425005C6A65 /* Build configuration list for PBXNativeTarget "TestRepoTests" */;
			buildPhases = (
				18A339D521BFC425005C6A65 /* Sources */,
				18A339D621BFC425005C6A65 /* Frameworks */,
				18A339D721BFC425005C6A65 /* Resources */,
			);
			buildRules = (
			);
			dependencies = (
				18A339DB21BFC425005C6A65 /* PBXTargetDependency */,
			);
			name = TestRepoTests;
			productName = TestRepoTests;
			productReference = 18A339D921BFC425005C6A65 /* TestRepoTests.xctest */;
			productType = "com.apple.product-type.bundle.unit-test";
		};
		18A339E321BFC425005C6A65 /* TestRepoUITests */ = {
			isa = PBXNativeTarget;
			buildConfigurationList = 18A339F321BFC425005C6A65 /* Build configuration list for PBXNativeTarget "TestRepoUITests" */;
			buildPhases = (
				18A339E021BFC425005C6A65 /* Sources */,
				18A339E121BFC425005C6A65 /* Frameworks */,
				18A339E221BFC425005C6A65 /* Resources */,
			);
			buildRules = (
			);
			dependencies = (
				18A339E621BFC425005C6A65 /* PBXTargetDependency */,
			);
			name = TestRepoUITests;
			productName = TestRepoUITests;
			productReference = 18A339E421BFC425005C6A65 /* TestRepoUITests.xctest */;
			productType = "com.apple.product-type.bundle.ui-testing";
		};
/* End PBXNativeTarget section */

/* Begin PBXProject section */
		18A339BD21BFC423005C6A65 /* Project object */ = {
			isa = PBXProject;
			attributes = {
				LastSwiftUpdateCheck = 1010;
				LastUpgradeCheck = 1010;
				ORGANIZATIONNAME = apple;
				TargetAttributes = {
					18A339C421BFC423005C6A65 = {
						CreatedOnToolsVersion = 10.1;
					};
					18A339D821BFC425005C6A65 = {
						CreatedOnToolsVersion = 10.1;
						TestTargetID = 18A339C421BFC423005C6A65;
					};
					18A339E321BFC425005C6A65 = {
						CreatedOnToolsVersion = 10.1;
						TestTargetID = 18A339C421BFC423005C6A65;
					};
				};
			};
			buildConfigurationList = 18A339C021BFC423005C6A65 /* Build configuration list for PBXProject "TestRepo" */;
			compatibilityVersion = "Xcode 9.3";
			developmentRegion = en;
			hasScannedForEncodings = 0;
			knownRegions = (
				en,
				Base,
			);
			mainGroup = 18A339BC21BFC423005C6A65;
			productRefGroup = 18A339C621BFC423005C6A65 /* Products */;
			projectDirPath = "";
			projectRoot = "";
			targets = (
				18A339C421BFC423005C6A65 /* TestRepo */,
				18A339D821BFC425005C6A65 /* TestRepoTests */,
				18A339E321BFC425005C6A65 /* TestRepoUITests */,
			);
		};
/* End PBXProject section */

/* Begin PBXResourcesBuildPhase section */
		18A339C321BFC423005C6A65 /* Resources */ = {
			isa = PBXResourcesBuildPhase;
			buildActionMask = 2147483647;
			files = (
				18A339D321BFC425005C6A65 /* LaunchScreen.storyboard in Resources */,
				18A339D021BFC425005C6A65 /* Assets.xcassets in Resources */,
				18A339CE21BFC423005C6A65 /* Main.storyboard in Resources */,
			);
			runOnlyForDeploymentPostprocessing = 0;
		};
		18A339D721BFC425005C6A65 /* Resources */ = {
			isa = PBXResourcesBuildPhase;
			buildActionMask = 2147483647;
			files = (
			);
			runOnlyForDeploymentPostprocessing = 0;
		};
		18A339E221BFC425005C6A65 /* Resources */ = {
			isa = PBXResourcesBuildPhase;
			buildActionMask = 2147483647;
			files = (
			);
			runOnlyForDeploymentPostprocessing = 0;
		};
/* End PBXResourcesBuildPhase section */

/* Begin PBXSourcesBuildPhase section */
		18A339C121BFC423005C6A65 /* Sources */ = {
			isa = PBXSourcesBuildPhase;
			buildActionMask = 2147483647;
			files = (
				18A339CB21BFC423005C6A65 /* ViewController.swift in Sources */,
				18A339C921BFC423005C6A65 /* AppDelegate.swift in Sources */,
			);
			runOnlyForDeploymentPostprocessing = 0;
		};
		18A339D521BFC425005C6A65 /* Sources */ = {
			isa = PBXSourcesBuildPhase;
			buildActionMask = 2147483647;
			files = (
				18A339DE21BFC425005C6A65 /* TestRepoTests.swift in Sources */,
			);
			runOnlyForDeploymentPostprocessing = 0;
		};
		18A339E021BFC425005C6A65 /* Sources */ = {
			isa = PBXSourcesBuildPhase;
			buildActionMask = 2147483647;
			files = (
				18A339E921BFC425005C6A65 /* TestRepoUITests.swift in Sources */,
			);
			runOnlyForDeploymentPostprocessing = 0;
		};
/* End PBXSourcesBuildPhase section */

/* Begin PBXTargetDependency section */
		18A339DB21BFC425005C6A65 /* PBXTargetDependency */ = {
			isa = PBXTargetDependency;
			target = 18A339C421BFC423005C6A65 /* TestRepo */;
			targetProxy = 18A339DA21BFC425005C6A65 /* PBXContainerItemProxy */;
		};
		18A339E621BFC425005C6A65 /* PBXTargetDependency */ = {
			isa = PBXTargetDependency;
			target = 18A339C421BFC423005C6A65 /* TestRepo */;
			targetProxy = 18A339E521BFC425005C6A65 /* PBXContainerItemProxy */;
		};
/* End PBXTargetDependency section */

/* Begin PBXVariantGroup section */
		18A339CC21BFC423005C6A65 /* Main.storyboard */ = {
			isa = PBXVariantGroup;
			children = (
				18A339CD21BFC423005C6A65 /* Base */,
			);
			name = Main.storyboard;
			sourceTree = "<group>";
		};
		18A339D121BFC425005C6A65 /* LaunchScreen.storyboard */ = {
			isa = PBXVariantGroup;
			children = (
				18A339D221BFC425005C6A65 /* Base */,
			);
			name = LaunchScreen.storyboard;
			sourceTree = "<group>";
		};
/* End PBXVariantGroup section */

/* Begin XCBuildConfiguration section */
		18A339EB21BFC425005C6A65 /* Debug */ = {
			isa = XCBuildConfiguration;
			buildSettings = {
				ALWAYS_SEARCH_USER_PATHS = NO;
				CLANG_ANALYZER_NONNULL = YES;
				CLANG_ANALYZER_NUMBER_OBJECT_CONVERSION = YES_AGGRESSIVE;
				CLANG_CXX_LANGUAGE_STANDARD = "gnu++14";
				CLANG_CXX_LIBRARY = "libc++";
				CLANG_ENABLE_MODULES = YES;
				CLANG_ENABLE_OBJC_ARC = YES;
				CLANG_ENABLE_OBJC_WEAK = YES;
				CLANG_WARN_BLOCK_CAPTURE_AUTORELEASING = YES;
				CLANG_WARN_BOOL_CONVERSION = YES;
				CLANG_WARN_COMMA = YES;
				CLANG_WARN_CONSTANT_CONVERSION = YES;
				CLANG_WARN_DEPRECATED_OBJC_IMPLEMENTATIONS = YES;
				CLANG_WARN_DIRECT_OBJC_ISA_USAGE = YES_ERROR;
				CLANG_WARN_DOCUMENTATION_COMMENTS = YES;
				CLANG_WARN_EMPTY_BODY = YES;
				CLANG_WARN_ENUM_CONVERSION = YES;
				CLANG_WARN_INFINITE_RECURSION = YES;
				CLANG_WARN_INT_CONVERSION = YES;
				CLANG_WARN_NON_LITERAL_NULL_CONVERSION = YES;
				CLANG_WARN_OBJC_IMPLICIT_RETAIN_SELF = YES;
				CLANG_WARN_OBJC_LITERAL_CONVERSION = YES;
				CLANG_WARN_OBJC_ROOT_CLASS = YES_ERROR;
				CLANG_WARN_RANGE_LOOP_ANALYSIS = YES;
				CLANG_WARN_STRICT_PROTOTYPES = YES;
				CLANG_WARN_SUSPICIOUS_MOVE = YES;
				CLANG_WARN_UNGUARDED_AVAILABILITY = YES_AGGRESSIVE;
				CLANG_WARN_UNREACHABLE_CODE = YES;
				CLANG_WARN__DUPLICATE_METHOD_MATCH = YES;
				CODE_SIGN_IDENTITY = "iPhone Developer";
				COPY_PHASE_STRIP = NO;
				DEBUG_INFORMATION_FORMAT = dwarf;
				ENABLE_STRICT_OBJC_MSGSEND = YES;
				ENABLE_TESTABILITY = YES;
				GCC_C_LANGUAGE_STANDARD = gnu11;
				GCC_DYNAMIC_NO_PIC = NO;
				GCC_NO_COMMON_BLOCKS = YES;
				GCC_OPTIMIZATION_LEVEL = 0;
				GCC_PREPROCESSOR_DEFINITIONS = (
					"DEBUG=1",
					"$(inherited)",
				);
				GCC_WARN_64_TO_32_BIT_CONVERSION = YES;
				GCC_WARN_ABOUT_RETURN_TYPE = YES_ERROR;
				GCC_WARN_UNDECLARED_SELECTOR = YES;
				GCC_WARN_UNINITIALIZED_AUTOS = YES_AGGRESSIVE;
				GCC_WARN_UNUSED_FUNCTION = YES;
				GCC_WARN_UNUSED_VARIABLE = YES;
				IPHONEOS_DEPLOYMENT_TARGET = 12.1;
				MTL_ENABLE_DEBUG_INFO = INCLUDE_SOURCE;
				MTL_FAST_MATH = YES;
				ONLY_ACTIVE_ARCH = YES;
				SDKROOT = iphoneos;
				SWIFT_ACTIVE_COMPILATION_CONDITIONS = DEBUG;
				SWIFT_OPTIMIZATION_LEVEL = "-Onone";
			};
			name = Debug;
		};
		18A339EC21BFC425005C6A65 /* Release */ = {
			isa = XCBuildConfiguration;
			buildSettings = {
				ALWAYS_SEARCH_USER_PATHS = NO;
				CLANG_ANALYZER_NONNULL = YES;
				CLANG_ANALYZER_NUMBER_OBJECT_CONVERSION = YES_AGGRESSIVE;
				CLANG_CXX_LANGUAGE_STANDARD = "gnu++14";
				CLANG_CXX_LIBRARY = "libc++";
				CLANG_ENABLE_MODULES = YES;
				CLANG_ENABLE_OBJC_ARC = YES;
				CLANG_ENABLE_OBJC_WEAK = YES;
				CLANG_WARN_BLOCK_CAPTURE_AUTORELEASING = YES;
				CLANG_WARN_BOOL_CONVERSION = YES;
				CLANG_WARN_COMMA = YES;
				CLANG_WARN_CONSTANT_CONVERSION = YES;
				CLANG_WARN_DEPRECATED_OBJC_IMPLEMENTATIONS = YES;
				CLANG_WARN_DIRECT_OBJC_ISA_USAGE = YES_ERROR;
				CLANG_WARN_DOCUMENTATION_COMMENTS = YES;
				CLANG_WARN_EMPTY_BODY = YES;
				CLANG_WARN_ENUM_CONVERSION = YES;
				CLANG_WARN_INFINITE_RECURSION = YES;
				CLANG_WARN_INT_CONVERSION = YES;
				CLANG_WARN_NON_LITERAL_NULL_CONVERSION = YES;
				CLANG_WARN_OBJC_IMPLICIT_RETAIN_SELF = YES;
				CLANG_WARN_OBJC_LITERAL_CONVERSION = YES;
				CLANG_WARN_OBJC_ROOT_CLASS = YES_ERROR;
				CLANG_WARN_RANGE_LOOP_ANALYSIS = YES;
				CLANG_WARN_STRICT_PROTOTYPES = YES;
				CLANG_WARN_SUSPICIOUS_MOVE = YES;
				CLANG_WARN_UNGUARDED_AVAILABILITY = YES_AGGRESSIVE;
				CLANG_WARN_UNREACHABLE_CODE = YES;
				CLANG_WARN__DUPLICATE_METHOD_MATCH = YES;
				CODE_SIGN_IDENTITY = "iPhone Developer";
				COPY_PHASE_STRIP = NO;
				DEBUG_INFORMATION_FORMAT = "dwarf-with-dsym";
				ENABLE_NS_ASSERTIONS = NO;
				ENABLE_STRICT_OBJC_MSGSEND = YES;
				GCC_C_LANGUAGE_STANDARD = gnu11;
				GCC_NO_COMMON_BLOCKS = YES;
				GCC_WARN_64_TO_32_BIT_CONVERSION = YES;
				GCC_WARN_ABOUT_RETURN_TYPE = YES_ERROR;
				GCC_WARN_UNDECLARED_SELECTOR = YES;
				GCC_WARN_UNINITIALIZED_AUTOS = YES_AGGRESSIVE;
				GCC_WARN_UNUSED_FUNCTION = YES;
				GCC_WARN_UNUSED_VARIABLE = YES;
				IPHONEOS_DEPLOYMENT_TARGET = 12.1;
				MTL_ENABLE_DEBUG_INFO = NO;
				MTL_FAST_MATH = YES;
				SDKROOT = iphoneos;
				SWIFT_COMPILATION_MODE = wholemodule;
				SWIFT_OPTIMIZATION_LEVEL = "-O";
				VALIDATE_PRODUCT = YES;
			};
			name = Release;
		};
		18A339EE21BFC425005C6A65 /* Debug */ = {
			isa = XCBuildConfiguration;
			buildSettings = {
				ASSETCATALOG_COMPILER_APPICON_NAME = AppIcon;
				CODE_SIGN_STYLE = Automatic;
				INFOPLIST_FILE = TestRepo/Info.plist;
				LD_RUNPATH_SEARCH_PATHS = (
					"$(inherited)",
					"@executable_path/Frameworks",
				);
				PRODUCT_BUNDLE_IDENTIFIER = apple.TestRepo;
				PRODUCT_NAME = "$(TARGET_NAME)";
				SWIFT_VERSION = 4.2;
				TARGETED_DEVICE_FAMILY = "1,2";
			};
			name = Debug;
		};
		18A339EF21BFC425005C6A65 /* Release */ = {
			isa = XCBuildConfiguration;
			buildSettings = {
				ASSETCATALOG_COMPILER_APPICON_NAME = AppIcon;
				CODE_SIGN_STYLE = Automatic;
				INFOPLIST_FILE = TestRepo/Info.plist;
				LD_RUNPATH_SEARCH_PATHS = (
					"$(inherited)",
					"@executable_path/Frameworks",
				);
				PRODUCT_BUNDLE_IDENTIFIER = apple.TestRepo;
				PRODUCT_NAME = "$(TARGET_NAME)";
				SWIFT_VERSION = 4.2;
				TARGETED_DEVICE_FAMILY = "1,2";
			};
			name = Release;
		};
		18A339F121BFC425005C6A65 /* Debug */ = {
			isa = XCBuildConfiguration;
			buildSettings = {
				ALWAYS_EMBED_SWIFT_STANDARD_LIBRARIES = YES;
				BUNDLE_LOADER = "$(TEST_HOST)";
				CODE_SIGN_STYLE = Automatic;
				INFOPLIST_FILE = TestRepoTests/Info.plist;
				LD_RUNPATH_SEARCH_PATHS = (
					"$(inherited)",
					"@executable_path/Frameworks",
					"@loader_path/Frameworks",
				);
				PRODUCT_BUNDLE_IDENTIFIER = apple.TestRepoTests;
				PRODUCT_NAME = "$(TARGET_NAME)";
				SWIFT_VERSION = 4.2;
				TARGETED_DEVICE_FAMILY = "1,2";
				TEST_HOST = "$(BUILT_PRODUCTS_DIR)/TestRepo.app/TestRepo";
			};
			name = Debug;
		};
		18A339F221BFC425005C6A65 /* Release */ = {
			isa = XCBuildConfiguration;
			buildSettings = {
				ALWAYS_EMBED_SWIFT_STANDARD_LIBRARIES = YES;
				BUNDLE_LOADER = "$(TEST_HOST)";
				CODE_SIGN_STYLE = Automatic;
				INFOPLIST_FILE = TestRepoTests/Info.plist;
				LD_RUNPATH_SEARCH_PATHS = (
					"$(inherited)",
					"@executable_path/Frameworks",
					"@loader_path/Frameworks",
				);
				PRODUCT_BUNDLE_IDENTIFIER = apple.TestRepoTests;
				PRODUCT_NAME = "$(TARGET_NAME)";
				SWIFT_VERSION = 4.2;
				TARGETED_DEVICE_FAMILY = "1,2";
				TEST_HOST = "$(BUILT_PRODUCTS_DIR)/TestRepo.app/TestRepo";
			};
			name = Release;
		};
		18A339F421BFC425005C6A65 /* Debug */ = {
			isa = XCBuildConfiguration;
			buildSettings = {
				ALWAYS_EMBED_SWIFT_STANDARD_LIBRARIES = YES;
				CODE_SIGN_STYLE = Automatic;
				INFOPLIST_FILE = TestRepoUITests/Info.plist;
				LD_RUNPATH_SEARCH_PATHS = (
					"$(inherited)",
					"@executable_path/Frameworks",
					"@loader_path/Frameworks",
				);
				PRODUCT_BUNDLE_IDENTIFIER = apple.TestRepoUITests;
				PRODUCT_NAME = "$(TARGET_NAME)";
				SWIFT_VERSION = 4.2;
				TARGETED_DEVICE_FAMILY = "1,2";
				TEST_TARGET_NAME = TestRepo;
			};
			name = Debug;
		};
		18A339F521BFC425005C6A65 /* Release */ = {
			isa = XCBuildConfiguration;
			buildSettings = {
				ALWAYS_EMBED_SWIFT_STANDARD_LIBRARIES = YES;
				CODE_SIGN_STYLE = Automatic;
				INFOPLIST_FILE = TestRepoUITests/Info.plist;
				LD_RUNPATH_SEARCH_PATHS = (
					"$(inherited)",
					"@executable_path/Frameworks",
					"@loader_path/Frameworks",
				);
				PRODUCT_BUNDLE_IDENTIFIER = apple.TestRepoUITests;
				PRODUCT_NAME = "$(TARGET_NAME)";
				SWIFT_VERSION = 4.2;
				TARGETED_DEVICE_FAMILY = "1,2";
				TEST_TARGET_NAME = TestRepo;
			};
			name = Release;
		};
/* End XCBuildConfiguration section */

/* Begin XCConfigurationList section */
		18A339C021BFC423005C6A65 /* Build configuration list for PBXProject "TestRepo" */ = {
			isa = XCConfigurationList;
			buildConfigurations = (
				18A339EB21BFC425005C6A65 /* Debug */,
				18A339EC21BFC425005C6A65 /* Release */,
			);
			defaultConfigurationIsVisible = 0;
			defaultConfigurationName = Release;
		};
		18A339ED21BFC425005C6A65 /* Build configuration list for PBXNativeTarget "TestRepo" */ = {
			isa = XCConfigurationList;
			buildConfigurations = (
				18A339EE21BFC425005C6A65 /* Debug */,
				18A339EF21BFC425005C6A65 /* Release */,
			);
			defaultConfigurationIsVisible = 0;
			defaultConfigurationName = Release;
		};
		18A339F021BFC425005C6A65 /* Build configuration list for PBXNativeTarget "TestRepoTests" */ = {
			isa = XCConfigurationList;
			buildConfigurations = (
				18A339F121BFC425005C6A65 /* Debug */,
				18A339F221BFC425005C6A65 /* Release */,
			);
			defaultConfigurationIsVisible = 0;
			defaultConfigurationName = Release;
		};
		18A339F321BFC425005C6A65 /* Build configuration list for PBXNativeTarget "TestRepoUITests" */ = {
			isa = XCConfigurationList;
			buildConfigurations = (
				18A339F421BFC425005C6A65 /* Debug */,
				18A339F521BFC425005C6A65 /* Release */,
			);
			defaultConfigurationIsVisible = 0;
			defaultConfigurationName = Release;
		};
/* End XCConfigurationList section */
	};
	rootObject = 18A339BD21BFC423005C6A65 /* Project object */;
}
